
Microsoft Visual Studio Solution File, Format Version 12.00
# Visual Studio Version 16
VisualStudioVersion = 16.0.30320.27
MinimumVisualStudioVersion = 10.0.40219.1
Project("{FAE04EC0-301F-11D3-BF4B-00C04F79EFBC}") = "BearTracker.Android", "BearTracker.Android\BearTracker.Android.csproj", "{AEDB02F6-1254-4839-863D-1FA693914319}"
EndProject
Project("{FAE04EC0-301F-11D3-BF4B-00C04F79EFBC}") = "BearTracker", "BearTracker\BearTracker.csproj", "{4CB4BA73-46A3-45D2-9F8C-49688C1D09E9}"
EndProject
Global
	GlobalSection(SolutionConfigurationPlatforms) = preSolution
		Debug|Any CPU = Debug|Any CPU
		Release|Any CPU = Release|Any CPU
	EndGlobalSection
	GlobalSection(ProjectConfigurationPlatforms) = postSolution
		{AEDB02F6-1254-4839-863D-1FA693914319}.Debug|Any CPU.ActiveCfg = Debug|Any CPU
		{AEDB02F6-1254-4839-863D-1FA693914319}.Debug|Any CPU.Build.0 = Debug|Any CPU
		{AEDB02F6-1254-4839-863D-1FA693914319}.Debug|Any CPU.Deploy.0 = Debug|Any CPU
		{AEDB02F6-1254-4839-863D-1FA693914319}.Release|Any CPU.ActiveCfg = Release|Any CPU
		{AEDB02F6-1254-4839-863D-1FA693914319}.Release|Any CPU.Build.0 = Release|Any CPU
		{AEDB02F6-1254-4839-863D-1FA693914319}.Release|Any CPU.Deploy.0 = Release|Any CPU
		{4CB4BA73-46A3-45D2-9F8C-49688C1D09E9}.Debug|Any CPU.ActiveCfg = Debug|Any CPU
		{4CB4BA73-46A3-45D2-9F8C-49688C1D09E9}.Debug|Any CPU.Build.0 = Debug|Any CPU
		{4CB4BA73-46A3-45D2-9F8C-49688C1D09E9}.Debug|Any CPU.Deploy.0 = Debug|Any CPU
		{4CB4BA73-46A3-45D2-9F8C-49688C1D09E9}.Release|Any CPU.ActiveCfg = Release|Any CPU
		{4CB4BA73-46A3-45D2-9F8C-49688C1D09E9}.Release|Any CPU.Build.0 = Release|Any CPU
		{4CB4BA73-46A3-45D2-9F8C-49688C1D09E9}.Release|Any CPU.Deploy.0 = Release|Any CPU
	EndGlobalSection
	GlobalSection(SolutionProperties) = preSolution
		HideSolutionNode = FALSE
	EndGlobalSection
	GlobalSection(ExtensibilityGlobals) = postSolution
		SolutionGuid = {FFA8DAE7-696C-42D7-A5B5-416437CC39A7}
	EndGlobalSection
EndGlobal
